# THIS IS AN AUTOGENERATED FILE. DO NOT EDIT THIS FILE DIRECTLY.
# yarn lockfile v1


lucide-react@^0.525.0:
  version "0.525.0"
  resolved "https://registry.yarnpkg.com/lucide-react/-/lucide-react-0.525.0.tgz#5f7bcecd65e4f9b2b5b6b5d295e3376df032d5e3"
  integrity sha512-Tm1txJ2OkymCGkvwoHt33Y2JpN5xucVq1slHcgE6Lk0WjDfjgKWor5CdVER8U6DvcfMwh4M8XxmpTiyzfmfDYQ==
